
Microsoft Visual Studio Solution File, Format Version 12.00
# Visual Studio Version 17
VisualStudioVersion = 17.5.33516.290
MinimumVisualStudioVersion = 10.0.40219.1
Project("{FAE04EC0-301F-11D3-BF4B-00C04F79EFBC}") = "tic-tac-toe", "tic-tac-toe\tic-tac-toe.csproj", "{C0ADA596-2B24-4392-9DA4-AACFF96106CA}"
EndProject
Global
	GlobalSection(SolutionConfigurationPlatforms) = preSolution
		Debug|Any CPU = Debug|Any CPU
		Release|Any CPU = Release|Any CPU
	EndGlobalSection
	GlobalSection(ProjectConfigurationPlatforms) = postSolution
		{C0ADA596-2B24-4392-9DA4-AACFF96106CA}.Debug|Any CPU.ActiveCfg = Debug|Any CPU
		{C0ADA596-2B24-4392-9DA4-AACFF96106CA}.Debug|Any CPU.Build.0 = Debug|Any CPU
		{C0ADA596-2B24-4392-9DA4-AACFF96106CA}.Release|Any CPU.ActiveCfg = Release|Any CPU
		{C0ADA596-2B24-4392-9DA4-AACFF96106CA}.Release|Any CPU.Build.0 = Release|Any CPU
	EndGlobalSection
	GlobalSection(SolutionProperties) = preSolution
		HideSolutionNode = FALSE
	EndGlobalSection
	GlobalSection(ExtensibilityGlobals) = postSolution
		SolutionGuid = {00D8ED95-833C-44C9-9E77-C22CC44F2D5F}
	EndGlobalSection
EndGlobal
